
Microsoft Visual Studio Solution File, Format Version 12.00
# Visual Studio Version 17
VisualStudioVersion = 17.7.34024.191
MinimumVisualStudioVersion = 10.0.40219.1
Project("{FAE04EC0-301F-11D3-BF4B-00C04F79EFBC}") = "busca-gulosa", "busca-gulosa\busca-gulosa.csproj", "{7132A8FF-3FB2-4304-A593-42925AEE19AF}"
EndProject
Global
	GlobalSection(SolutionConfigurationPlatforms) = preSolution
		Debug|Any CPU = Debug|Any CPU
		Release|Any CPU = Release|Any CPU
	EndGlobalSection
	GlobalSection(ProjectConfigurationPlatforms) = postSolution
		{7132A8FF-3FB2-4304-A593-42925AEE19AF}.Debug|Any CPU.ActiveCfg = Debug|Any CPU
		{7132A8FF-3FB2-4304-A593-42925AEE19AF}.Debug|Any CPU.Build.0 = Debug|Any CPU
		{7132A8FF-3FB2-4304-A593-42925AEE19AF}.Release|Any CPU.ActiveCfg = Release|Any CPU
		{7132A8FF-3FB2-4304-A593-42925AEE19AF}.Release|Any CPU.Build.0 = Release|Any CPU
	EndGlobalSection
	GlobalSection(SolutionProperties) = preSolution
		HideSolutionNode = FALSE
	EndGlobalSection
	GlobalSection(ExtensibilityGlobals) = postSolution
		SolutionGuid = {663BCF16-EFDF-4517-B923-345969D41598}
	EndGlobalSection
EndGlobal
